
Microsoft Visual Studio Solution File, Format Version 12.00
# Visual Studio Version 17
VisualStudioVersion = 17.9.34902.65
MinimumVisualStudioVersion = 10.0.40219.1
Project("{FAE04EC0-301F-11D3-BF4B-00C04F79EFBC}") = "UtilizzoUser_Control", "UtilizzoUser_Control\UtilizzoUser_Control.csproj", "{E9F61B11-5142-426D-8059-20EE75E13185}"
EndProject
Global
	GlobalSection(SolutionConfigurationPlatforms) = preSolution
		Debug|Any CPU = Debug|Any CPU
		Release|Any CPU = Release|Any CPU
	EndGlobalSection
	GlobalSection(ProjectConfigurationPlatforms) = postSolution
		{E9F61B11-5142-426D-8059-20EE75E13185}.Debug|Any CPU.ActiveCfg = Debug|Any CPU
		{E9F61B11-5142-426D-8059-20EE75E13185}.Debug|Any CPU.Build.0 = Debug|Any CPU
		{E9F61B11-5142-426D-8059-20EE75E13185}.Release|Any CPU.ActiveCfg = Release|Any CPU
		{E9F61B11-5142-426D-8059-20EE75E13185}.Release|Any CPU.Build.0 = Release|Any CPU
	EndGlobalSection
	GlobalSection(SolutionProperties) = preSolution
		HideSolutionNode = FALSE
	EndGlobalSection
	GlobalSection(ExtensibilityGlobals) = postSolution
		SolutionGuid = {3B34076A-42A3-48CE-8B12-0F161FCB70B2}
	EndGlobalSection
EndGlobal
